# This file is automatically @generated by Poetry 1.8.2 and should not be changed by hand.

[metadata]
content-hash = "20a836958d16084f14911749748c5b45dfdb6202728bbb170d7e2113379e37eb"
lock-version = "2.0"
python-versions = "^3.9"

[[package]]
description = "Cross-platform colored terminal text."
files = [
  {file = "colorama-0.4.6-py2.py3-none-any.whl", hash = "sha256:4f1d9991f5acc0ca119f9d443620b77f9d6b33703e51011c16baf57afb285fc6"},
  {file = "colorama-0.4.6.tar.gz", hash = "sha256:08695f5cb7ed6e0531a20572697297273c47b8cae5a63ffc6d6ed5c201be6e44"}
]
name = "colorama"
optional = false
python-versions = "!=3.0.*,!=3.1.*,!=3.2.*,!=3.3.*,!=3.4.*,!=3.5.*,!=3.6.*,>=2.7"
version = "0.4.6"

[[package]]
description = "Typing stubs for colorama"
files = [
  {file = "types-colorama-0.4.15.20240311.tar.gz", hash = "sha256:a28e7f98d17d2b14fb9565d32388e419f4108f557a7d939a66319969b2b99c7a"},
  {file = "types_colorama-0.4.15.20240311-py3-none-any.whl", hash = "sha256:6391de60ddc0db3f147e31ecb230006a6823e81e380862ffca1e4695c13a0b8e"}
]
name = "types-colorama"
optional = false
python-versions = ">=3.8"
version = "0.4.15.20240311"

[[package]]
description = "ASCII transliterations of Unicode text"
files = [
  {file = "Unidecode-1.3.8-py3-none-any.whl", hash = "sha256:d130a61ce6696f8148a3bd8fe779c99adeb4b870584eeb9526584e9aa091fd39"},
  {file = "Unidecode-1.3.8.tar.gz", hash = "sha256:cfdb349d46ed3873ece4586b96aa75258726e2fa8ec21d6f00a591d98806c2f4"}
]
name = "unidecode"
optional = false
python-versions = ">=3.5"
version = "1.3.8"
